
Microsoft Visual Studio Solution File, Format Version 12.00
# Visual Studio Version 16
VisualStudioVersion = 16.0.31729.503
MinimumVisualStudioVersion = 10.0.40219.1
Project("{FAE04EC0-301F-11D3-BF4B-00C04F79EFBC}") = "ArraysListsExercise(1)", "ArraysListsExercise(1)\ArraysListsExercise(1).csproj", "{AAE4E5B0-EAA6-4617-B2D5-29DEBEC90526}"
EndProject
Global
	GlobalSection(SolutionConfigurationPlatforms) = preSolution
		Debug|Any CPU = Debug|Any CPU
		Release|Any CPU = Release|Any CPU
	EndGlobalSection
	GlobalSection(ProjectConfigurationPlatforms) = postSolution
		{AAE4E5B0-EAA6-4617-B2D5-29DEBEC90526}.Debug|Any CPU.ActiveCfg = Debug|Any CPU
		{AAE4E5B0-EAA6-4617-B2D5-29DEBEC90526}.Debug|Any CPU.Build.0 = Debug|Any CPU
		{AAE4E5B0-EAA6-4617-B2D5-29DEBEC90526}.Release|Any CPU.ActiveCfg = Release|Any CPU
		{AAE4E5B0-EAA6-4617-B2D5-29DEBEC90526}.Release|Any CPU.Build.0 = Release|Any CPU
	EndGlobalSection
	GlobalSection(SolutionProperties) = preSolution
		HideSolutionNode = FALSE
	EndGlobalSection
	GlobalSection(ExtensibilityGlobals) = postSolution
		SolutionGuid = {7EDA7A38-93FF-4CEF-BADB-3D17565E788C}
	EndGlobalSection
EndGlobal
