
Microsoft Visual Studio Solution File, Format Version 12.00
# Visual Studio Version 16
VisualStudioVersion = 16.0.31729.503
MinimumVisualStudioVersion = 10.0.40219.1
Project("{FAE04EC0-301F-11D3-BF4B-00C04F79EFBC}") = "MethodOverloading", "MethodOverloading\MethodOverloading.csproj", "{FC7315EA-FBBD-4E2E-9912-F5148C9153DC}"
EndProject
Global
	GlobalSection(SolutionConfigurationPlatforms) = preSolution
		Debug|Any CPU = Debug|Any CPU
		Release|Any CPU = Release|Any CPU
	EndGlobalSection
	GlobalSection(ProjectConfigurationPlatforms) = postSolution
		{FC7315EA-FBBD-4E2E-9912-F5148C9153DC}.Debug|Any CPU.ActiveCfg = Debug|Any CPU
		{FC7315EA-FBBD-4E2E-9912-F5148C9153DC}.Debug|Any CPU.Build.0 = Debug|Any CPU
		{FC7315EA-FBBD-4E2E-9912-F5148C9153DC}.Release|Any CPU.ActiveCfg = Release|Any CPU
		{FC7315EA-FBBD-4E2E-9912-F5148C9153DC}.Release|Any CPU.Build.0 = Release|Any CPU
	EndGlobalSection
	GlobalSection(SolutionProperties) = preSolution
		HideSolutionNode = FALSE
	EndGlobalSection
	GlobalSection(ExtensibilityGlobals) = postSolution
		SolutionGuid = {B9221DDE-465D-4CCB-A06E-D1625B9613C7}
	EndGlobalSection
EndGlobal
